# This file is @generated by PDM.
# It is not intended for manual editing.

[metadata]
groups = ["default"]
strategy = ["inherit_metadata"]
lock_version = "4.5.0"
content_hash = "sha256:29e8f1adff6f02f59d7f87b5a2568ebdedf5a24240d29b29fe9bce4f1f180de7"

[[metadata.targets]]
requires_python = ">=3.9"

[[package]]
name = "mistletoe"
version = "1.4.0"
requires_python = "~=3.5"
summary = "A fast, extensible Markdown parser in pure Python."
groups = ["default"]
files = [
    {file = "mistletoe-1.4.0-py3-none-any.whl", hash = "sha256:44a477803861de1237ba22e375c6b617690a31d2902b47279d1f8f7ed498a794"},
    {file = "mistletoe-1.4.0.tar.gz", hash = "sha256:1630f906e5e4bbe66fdeb4d29d277e2ea515d642bb18a9b49b136361a9818c9d"},
]
